
Microsoft Visual Studio Solution File, Format Version 12.00
# Visual Studio Version 17
VisualStudioVersion = 17.0.31903.59
MinimumVisualStudioVersion = 10.0.40219.1
Project("{8BC9CEB8-8B4A-11D0-8D11-00A0C91BC942}") = "Command_01", "Command_01\Command_01.vcxproj", "{33C1EAF7-2002-4741-9728-FDFFE12975CC}"
EndProject
Project("{8BC9CEB8-8B4A-11D0-8D11-00A0C91BC942}") = "Shiftonly", "Shiftonly\Shiftonly.vcxproj", "{2B994D31-E621-48E7-8657-0F58E1A0B6E9}"
EndProject
Project("{2150E333-8FDC-42A3-9474-1A3956D46DE8}") = "AtCoder", "AtCoder", "{74340556-E477-4E00-AF73-75D802ACCE47}"
EndProject
Project("{8BC9CEB8-8B4A-11D0-8D11-00A0C91BC942}") = "Experiment", "Experiment\Experiment.vcxproj", "{084D29BD-4DE8-4BC0-BA48-9682FD23FAE8}"
EndProject
Project("{9A19103F-16F7-4668-BE54-9A1E7A4F7556}") = "SandBoxCS", "SandBoxCS\SandBoxCS.csproj", "{AE53B6F3-592B-456C-9FF7-1C48006D6803}"
EndProject
Project("{888888A0-9F3D-457C-B088-3A5042F75D52}") = "SandBox_PY", "SandBox_PY\SandBox_PY.pyproj", "{6549AF19-23BF-4EB2-A2FA-F792558C73C4}"
EndProject
Project("{8BC9CEB8-8B4A-11D0-8D11-00A0C91BC942}") = "SandBoxC", "SandBoxC\SandBoxC.vcxproj", "{4FE4F442-394C-40AD-B257-C515BE7132A3}"
EndProject
Project("{8BC9CEB8-8B4A-11D0-8D11-00A0C91BC942}") = "AtCoderBegin", "AtCoderBegin\AtCoderBegin.vcxproj", "{421AEB44-3158-4325-AC96-74F8FF5B1DFD}"
EndProject
Project("{8BC9CEB8-8B4A-11D0-8D11-00A0C91BC942}") = "A_EX1", "C++Test_01\C++Test_01.vcxproj", "{AD3CC529-8623-44D2-826A-1A92B676802F}"
EndProject
Project("{2150E333-8FDC-42A3-9474-1A3956D46DE8}") = "APG4b", "APG4b", "{C39CFE92-EA3A-44F6-B865-CA2A2FD5A49B}"
EndProject
Project("{8BC9CEB8-8B4A-11D0-8D11-00A0C91BC942}") = "A_EX2", "A_EX2\A_EX2.vcxproj", "{8AED824A-7468-4F38-8C3D-1CE74977158E}"
EndProject
Project("{8BC9CEB8-8B4A-11D0-8D11-00A0C91BC942}") = "A_EX3", "A_EX3\A_EX3.vcxproj", "{69D06E92-9024-4F65-958B-3FB19D68E209}"
EndProject
Project("{8BC9CEB8-8B4A-11D0-8D11-00A0C91BC942}") = "A_EX4", "A_EX4\A_EX4.vcxproj", "{8C7FA86B-EFB9-4A06-B6EF-CEF95F8EC168}"
EndProject
Project("{8BC9CEB8-8B4A-11D0-8D11-00A0C91BC942}") = "A_EX5", "A_EX5\A_EX5.vcxproj", "{AB03818E-4565-4013-A952-0AB62E0323B0}"
EndProject
Project("{8BC9CEB8-8B4A-11D0-8D11-00A0C91BC942}") = "A_EX6", "A_EX6\A_EX6.vcxproj", "{022075DA-E6B2-4DA7-ABDF-C4170F206BFB}"
EndProject
Project("{8BC9CEB8-8B4A-11D0-8D11-00A0C91BC942}") = "A_EX7", "A_EX7\A_EX7.vcxproj", "{132E4C09-1DC2-4072-BB8D-BEAEF78126DA}"
EndProject
Project("{8BC9CEB8-8B4A-11D0-8D11-00A0C91BC942}") = "A_EX8", "A_EX8\A_EX8.vcxproj", "{9ECFFB46-7CB2-4B38-BC70-91AD668903E9}"
EndProject
Project("{8BC9CEB8-8B4A-11D0-8D11-00A0C91BC942}") = "A_EX9", "A_EX9\A_EX9.vcxproj", "{2EB382A5-B428-4420-84D8-CC6454819A78}"
EndProject
Project("{8BC9CEB8-8B4A-11D0-8D11-00A0C91BC942}") = "A_EX10", "A_EX10\A_EX10.vcxproj", "{B3A90967-854B-4D6A-9821-80F9ABED98F2}"
EndProject
Project("{8BC9CEB8-8B4A-11D0-8D11-00A0C91BC942}") = "A_EX11", "A_EX11\A_EX11.vcxproj", "{9478FE25-0710-4167-A6AF-3D1698D95879}"
EndProject
Project("{8BC9CEB8-8B4A-11D0-8D11-00A0C91BC942}") = "A_EX12", "A_EX12\A_EX12.vcxproj", "{9BE3DD82-E818-4AC4-8A31-71B006C887AA}"
EndProject
Project("{8BC9CEB8-8B4A-11D0-8D11-00A0C91BC942}") = "A_EX13", "A_EX13\A_EX13.vcxproj", "{4260391B-9F90-4637-BF58-E2304109DA76}"
EndProject
Project("{8BC9CEB8-8B4A-11D0-8D11-00A0C91BC942}") = "A_EX14", "A_EX14\A_EX14.vcxproj", "{B0683C63-96D4-41D9-94F3-6097C98A3338}"
EndProject
Project("{8BC9CEB8-8B4A-11D0-8D11-00A0C91BC942}") = "A_EX15", "A_EX15\A_EX15.vcxproj", "{949EFD46-7CF0-4C64-A93F-858E065609A3}"
EndProject
Project("{8BC9CEB8-8B4A-11D0-8D11-00A0C91BC942}") = "A_EX16", "A_EX16\A_EX16.vcxproj", "{F9F4A1E4-ABB6-4AEF-932F-C721979BA198}"
EndProject
Project("{8BC9CEB8-8B4A-11D0-8D11-00A0C91BC942}") = "A_EX17", "A_EX17\A_EX17.vcxproj", "{7B164184-B1BE-4CA4-A233-8469320B31A3}"
EndProject
Project("{8BC9CEB8-8B4A-11D0-8D11-00A0C91BC942}") = "A_EX18", "A_EX18\A_EX18.vcxproj", "{8A97937C-DA3A-4EBC-87CF-31FC6B367D0F}"
EndProject
Project("{8BC9CEB8-8B4A-11D0-8D11-00A0C91BC942}") = "A_EX19", "A_EX19\A_EX19.vcxproj", "{5280ABC0-C2BA-4C30-BAE1-9A00DE124790}"
EndProject
Project("{8BC9CEB8-8B4A-11D0-8D11-00A0C91BC942}") = "A_EX20", "A_EX20\A_EX20.vcxproj", "{79DB0250-FAF7-45EB-819E-49FF77BBC6FC}"
EndProject
Project("{2150E333-8FDC-42A3-9474-1A3956D46DE8}") = "arc134_0129", "arc134_0129", "{E9C65D73-B9D3-40E9-9357-314E27A83E9B}"
EndProject
Project("{8BC9CEB8-8B4A-11D0-8D11-00A0C91BC942}") = "A", "A\A.vcxproj", "{4426C5AA-E725-42E5-9FE9-80D3FFAA07B8}"
EndProject
Project("{8BC9CEB8-8B4A-11D0-8D11-00A0C91BC942}") = "A_EX21", "A_EX21\A_EX21.vcxproj", "{E37E4940-EB70-4847-8681-79CFB0B4BFC2}"
EndProject
Project("{8BC9CEB8-8B4A-11D0-8D11-00A0C91BC942}") = "A_EX22", "A_EX22\A_EX22.vcxproj", "{BBA408BC-7BE0-4570-BC35-6098B193D578}"
EndProject
Project("{2150E333-8FDC-42A3-9474-1A3956D46DE8}") = "abc237_0130", "abc237_0130", "{42344CB2-8A92-4F07-8922-C60E84F389C8}"
EndProject
Project("{8BC9CEB8-8B4A-11D0-8D11-00A0C91BC942}") = "A - Not Overflow", "A - Not Overflow\A - Not Overflow.vcxproj", "{7C202F0A-EC72-4273-B42F-0CF3A9062395}"
EndProject
Project("{8BC9CEB8-8B4A-11D0-8D11-00A0C91BC942}") = "B - Matrix Transposition", "B - Matrix Transposition\B - Matrix Transposition.vcxproj", "{4F1D3A4A-733A-439C-AF96-2AB1BCB00A4A}"
EndProject
Project("{8BC9CEB8-8B4A-11D0-8D11-00A0C91BC942}") = "C - kasaka", "C - kasaka\C - kasaka.vcxproj", "{5D07DFA8-E18E-4F39-AA41-F4315201EFC8}"
EndProject
Project("{8BC9CEB8-8B4A-11D0-8D11-00A0C91BC942}") = "D - LR insertion", "D - LR insertion\D - LR insertion.vcxproj", "{92C6AF3A-BA70-4337-8C2C-9836EC8A80B3}"
EndProject
Project("{8BC9CEB8-8B4A-11D0-8D11-00A0C91BC942}") = "まとめ", "まとめ\まとめ.vcxproj", "{E86B91D5-7A9A-4B4A-8701-1227D49EEE4C}"
EndProject
Project("{8BC9CEB8-8B4A-11D0-8D11-00A0C91BC942}") = "A_EX23", "A_EX23\A_EX23.vcxproj", "{BBEE2146-5C16-47A7-BE8F-0F3E2FA77091}"
EndProject
Project("{8BC9CEB8-8B4A-11D0-8D11-00A0C91BC942}") = "A_EX24", "A_EX24\A_EX24.vcxproj", "{7128A56E-5C03-42F7-B60E-CAECF3622E85}"
EndProject
Project("{8BC9CEB8-8B4A-11D0-8D11-00A0C91BC942}") = "A_EX25", "A_EX25\A_EX25.vcxproj", "{33E4DD23-0C67-428B-A8D0-F7D2417BDFCF}"
EndProject
Project("{8BC9CEB8-8B4A-11D0-8D11-00A0C91BC942}") = "A_EX26 - 電卓を作ろう3", "A_EX26 - 電卓を作ろう3\A_EX26 - 電卓を作ろう3.vcxproj", "{38E126AA-1AFE-447D-B34A-05ABF773D79F}"
EndProject
Project("{2150E333-8FDC-42A3-9474-1A3956D46DE8}") = "abs", "abs", "{DB3E17C8-F28A-4F43-9C31-D2E5D0D25AFB}"
EndProject
Project("{8BC9CEB8-8B4A-11D0-8D11-00A0C91BC942}") = "PracticeA - Welcome to AtCoder", "PracticeA - Welcome to AtCoder\PracticeA - Welcome to AtCoder.vcxproj", "{505FFE2A-BE54-4022-8113-120F25A50250}"
EndProject
Project("{8BC9CEB8-8B4A-11D0-8D11-00A0C91BC942}") = "ABC086A - Product", "ABC086A - Product\ABC086A - Product.vcxproj", "{892C8A8D-1BA1-41E8-A88C-34531402A910}"
EndProject
Project("{8BC9CEB8-8B4A-11D0-8D11-00A0C91BC942}") = "ABC081A - Placing Marbles", "ABC081A - Placing Marbles\ABC081A - Placing Marbles.vcxproj", "{928CB260-4453-404C-AE1F-35FC1613E02F}"
EndProject
Project("{8BC9CEB8-8B4A-11D0-8D11-00A0C91BC942}") = "ABC081B - Shift only", "ABC081B - Shift only\ABC081B - Shift only.vcxproj", "{22D1F64D-DF21-40A5-9FD0-645BEDB26DA3}"
EndProject
Project("{8BC9CEB8-8B4A-11D0-8D11-00A0C91BC942}") = "ABC087B - Coins", "ABC087B - Coins\ABC087B - Coins.vcxproj", "{419BB5EC-C23F-4F45-8E26-E3E4FA85B753}"
EndProject
Project("{8BC9CEB8-8B4A-11D0-8D11-00A0C91BC942}") = "ABC083B - Some Sums", "ABC083B - Some Sums\ABC083B - Some Sums.vcxproj", "{3D781CBA-0A20-4BC9-8527-817920D35B02}"
EndProject
Project("{8BC9CEB8-8B4A-11D0-8D11-00A0C91BC942}") = "ABC088B - Card Game for Two", "ABC088B - Card Game for Two\ABC088B - Card Game for Two.vcxproj", "{8942CF5E-B543-45FE-A1F9-9575A36337EA}"
EndProject
Project("{8BC9CEB8-8B4A-11D0-8D11-00A0C91BC942}") = "ABC085B - Kagami Mochi", "ABC085B - Kagami Mochi\ABC085B - Kagami Mochi.vcxproj", "{76DBD673-2E15-4D10-8C63-FE5880368994}"
EndProject
Project("{8BC9CEB8-8B4A-11D0-8D11-00A0C91BC942}") = "ABC085C - Otoshidama", "ABC085C - Otoshidama\ABC085C - Otoshidama.vcxproj", "{67AE3A38-3A07-4691-8335-AF5326779880}"
EndProject
Project("{8BC9CEB8-8B4A-11D0-8D11-00A0C91BC942}") = "ABC049C - 白昼夢", "ABC049C - 白昼夢\ABC049C - 白昼夢.vcxproj", "{72588850-244E-4A34-92CC-69B0D0095C0F}"
EndProject
Global
	GlobalSection(SolutionConfigurationPlatforms) = preSolution
		Debug|Any CPU = Debug|Any CPU
		Debug|x64 = Debug|x64
		Debug|x86 = Debug|x86
		Release|Any CPU = Release|Any CPU
		Release|x64 = Release|x64
		Release|x86 = Release|x86
	EndGlobalSection
	GlobalSection(ProjectConfigurationPlatforms) = postSolution
		{33C1EAF7-2002-4741-9728-FDFFE12975CC}.Debug|Any CPU.ActiveCfg = Debug|Win32
		{33C1EAF7-2002-4741-9728-FDFFE12975CC}.Debug|x64.ActiveCfg = Debug|x64
		{33C1EAF7-2002-4741-9728-FDFFE12975CC}.Debug|x64.Build.0 = Debug|x64
		{33C1EAF7-2002-4741-9728-FDFFE12975CC}.Debug|x86.ActiveCfg = Debug|Win32
		{33C1EAF7-2002-4741-9728-FDFFE12975CC}.Debug|x86.Build.0 = Debug|Win32
		{33C1EAF7-2002-4741-9728-FDFFE12975CC}.Release|Any CPU.ActiveCfg = Release|Win32
		{33C1EAF7-2002-4741-9728-FDFFE12975CC}.Release|x64.ActiveCfg = Release|x64
		{33C1EAF7-2002-4741-9728-FDFFE12975CC}.Release|x64.Build.0 = Release|x64
		{33C1EAF7-2002-4741-9728-FDFFE12975CC}.Release|x86.ActiveCfg = Release|Win32
		{33C1EAF7-2002-4741-9728-FDFFE12975CC}.Release|x86.Build.0 = Release|Win32
		{2B994D31-E621-48E7-8657-0F58E1A0B6E9}.Debug|Any CPU.ActiveCfg = Debug|Win32
		{2B994D31-E621-48E7-8657-0F58E1A0B6E9}.Debug|x64.ActiveCfg = Debug|x64
		{2B994D31-E621-48E7-8657-0F58E1A0B6E9}.Debug|x64.Build.0 = Debug|x64
		{2B994D31-E621-48E7-8657-0F58E1A0B6E9}.Debug|x86.ActiveCfg = Debug|Win32
		{2B994D31-E621-48E7-8657-0F58E1A0B6E9}.Debug|x86.Build.0 = Debug|Win32
		{2B994D31-E621-48E7-8657-0F58E1A0B6E9}.Release|Any CPU.ActiveCfg = Release|Win32
		{2B994D31-E621-48E7-8657-0F58E1A0B6E9}.Release|x64.ActiveCfg = Release|x64
		{2B994D31-E621-48E7-8657-0F58E1A0B6E9}.Release|x64.Build.0 = Release|x64
		{2B994D31-E621-48E7-8657-0F58E1A0B6E9}.Release|x86.ActiveCfg = Release|Win32
		{2B994D31-E621-48E7-8657-0F58E1A0B6E9}.Release|x86.Build.0 = Release|Win32
		{084D29BD-4DE8-4BC0-BA48-9682FD23FAE8}.Debug|Any CPU.ActiveCfg = Debug|Win32
		{084D29BD-4DE8-4BC0-BA48-9682FD23FAE8}.Debug|x64.ActiveCfg = Debug|x64
		{084D29BD-4DE8-4BC0-BA48-9682FD23FAE8}.Debug|x64.Build.0 = Debug|x64
		{084D29BD-4DE8-4BC0-BA48-9682FD23FAE8}.Debug|x86.ActiveCfg = Debug|Win32
		{084D29BD-4DE8-4BC0-BA48-9682FD23FAE8}.Debug|x86.Build.0 = Debug|Win32
		{084D29BD-4DE8-4BC0-BA48-9682FD23FAE8}.Release|Any CPU.ActiveCfg = Release|Win32
		{084D29BD-4DE8-4BC0-BA48-9682FD23FAE8}.Release|x64.ActiveCfg = Release|x64
		{084D29BD-4DE8-4BC0-BA48-9682FD23FAE8}.Release|x64.Build.0 = Release|x64
		{084D29BD-4DE8-4BC0-BA48-9682FD23FAE8}.Release|x86.ActiveCfg = Release|Win32
		{084D29BD-4DE8-4BC0-BA48-9682FD23FAE8}.Release|x86.Build.0 = Release|Win32
		{AE53B6F3-592B-456C-9FF7-1C48006D6803}.Debug|Any CPU.ActiveCfg = Debug|Any CPU
		{AE53B6F3-592B-456C-9FF7-1C48006D6803}.Debug|Any CPU.Build.0 = Debug|Any CPU
		{AE53B6F3-592B-456C-9FF7-1C48006D6803}.Debug|x64.ActiveCfg = Debug|Any CPU
		{AE53B6F3-592B-456C-9FF7-1C48006D6803}.Debug|x64.Build.0 = Debug|Any CPU
		{AE53B6F3-592B-456C-9FF7-1C48006D6803}.Debug|x86.ActiveCfg = Debug|Any CPU
		{AE53B6F3-592B-456C-9FF7-1C48006D6803}.Debug|x86.Build.0 = Debug|Any CPU
		{AE53B6F3-592B-456C-9FF7-1C48006D6803}.Release|Any CPU.ActiveCfg = Release|Any CPU
		{AE53B6F3-592B-456C-9FF7-1C48006D6803}.Release|Any CPU.Build.0 = Release|Any CPU
		{AE53B6F3-592B-456C-9FF7-1C48006D6803}.Release|x64.ActiveCfg = Release|Any CPU
		{AE53B6F3-592B-456C-9FF7-1C48006D6803}.Release|x64.Build.0 = Release|Any CPU
		{AE53B6F3-592B-456C-9FF7-1C48006D6803}.Release|x86.ActiveCfg = Release|Any CPU
		{AE53B6F3-592B-456C-9FF7-1C48006D6803}.Release|x86.Build.0 = Release|Any CPU
		{6549AF19-23BF-4EB2-A2FA-F792558C73C4}.Debug|Any CPU.ActiveCfg = Debug|Any CPU
		{6549AF19-23BF-4EB2-A2FA-F792558C73C4}.Debug|x64.ActiveCfg = Debug|Any CPU
		{6549AF19-23BF-4EB2-A2FA-F792558C73C4}.Debug|x86.ActiveCfg = Debug|Any CPU
		{6549AF19-23BF-4EB2-A2FA-F792558C73C4}.Release|Any CPU.ActiveCfg = Release|Any CPU
		{6549AF19-23BF-4EB2-A2FA-F792558C73C4}.Release|x64.ActiveCfg = Release|Any CPU
		{6549AF19-23BF-4EB2-A2FA-F792558C73C4}.Release|x86.ActiveCfg = Release|Any CPU
		{4FE4F442-394C-40AD-B257-C515BE7132A3}.Debug|Any CPU.ActiveCfg = Debug|x64
		{4FE4F442-394C-40AD-B257-C515BE7132A3}.Debug|Any CPU.Build.0 = Debug|x64
		{4FE4F442-394C-40AD-B257-C515BE7132A3}.Debug|x64.ActiveCfg = Debug|x64
		{4FE4F442-394C-40AD-B257-C515BE7132A3}.Debug|x64.Build.0 = Debug|x64
		{4FE4F442-394C-40AD-B257-C515BE7132A3}.Debug|x86.ActiveCfg = Debug|Win32
		{4FE4F442-394C-40AD-B257-C515BE7132A3}.Debug|x86.Build.0 = Debug|Win32
		{4FE4F442-394C-40AD-B257-C515BE7132A3}.Release|Any CPU.ActiveCfg = Release|x64
		{4FE4F442-394C-40AD-B257-C515BE7132A3}.Release|Any CPU.Build.0 = Release|x64
		{4FE4F442-394C-40AD-B257-C515BE7132A3}.Release|x64.ActiveCfg = Release|x64
		{4FE4F442-394C-40AD-B257-C515BE7132A3}.Release|x64.Build.0 = Release|x64
		{4FE4F442-394C-40AD-B257-C515BE7132A3}.Release|x86.ActiveCfg = Release|Win32
		{4FE4F442-394C-40AD-B257-C515BE7132A3}.Release|x86.Build.0 = Release|Win32
		{421AEB44-3158-4325-AC96-74F8FF5B1DFD}.Debug|Any CPU.ActiveCfg = Debug|x64
		{421AEB44-3158-4325-AC96-74F8FF5B1DFD}.Debug|Any CPU.Build.0 = Debug|x64
		{421AEB44-3158-4325-AC96-74F8FF5B1DFD}.Debug|x64.ActiveCfg = Debug|x64
		{421AEB44-3158-4325-AC96-74F8FF5B1DFD}.Debug|x64.Build.0 = Debug|x64
		{421AEB44-3158-4325-AC96-74F8FF5B1DFD}.Debug|x86.ActiveCfg = Debug|Win32
		{421AEB44-3158-4325-AC96-74F8FF5B1DFD}.Debug|x86.Build.0 = Debug|Win32
		{421AEB44-3158-4325-AC96-74F8FF5B1DFD}.Release|Any CPU.ActiveCfg = Release|x64
		{421AEB44-3158-4325-AC96-74F8FF5B1DFD}.Release|Any CPU.Build.0 = Release|x64
		{421AEB44-3158-4325-AC96-74F8FF5B1DFD}.Release|x64.ActiveCfg = Release|x64
		{421AEB44-3158-4325-AC96-74F8FF5B1DFD}.Release|x64.Build.0 = Release|x64
		{421AEB44-3158-4325-AC96-74F8FF5B1DFD}.Release|x86.ActiveCfg = Release|Win32
		{421AEB44-3158-4325-AC96-74F8FF5B1DFD}.Release|x86.Build.0 = Release|Win32
		{AD3CC529-8623-44D2-826A-1A92B676802F}.Debug|Any CPU.ActiveCfg = Debug|x64
		{AD3CC529-8623-44D2-826A-1A92B676802F}.Debug|Any CPU.Build.0 = Debug|x64
		{AD3CC529-8623-44D2-826A-1A92B676802F}.Debug|x64.ActiveCfg = Debug|x64
		{AD3CC529-8623-44D2-826A-1A92B676802F}.Debug|x64.Build.0 = Debug|x64
		{AD3CC529-8623-44D2-826A-1A92B676802F}.Debug|x86.ActiveCfg = Debug|Win32
		{AD3CC529-8623-44D2-826A-1A92B676802F}.Debug|x86.Build.0 = Debug|Win32
		{AD3CC529-8623-44D2-826A-1A92B676802F}.Release|Any CPU.ActiveCfg = Release|x64
		{AD3CC529-8623-44D2-826A-1A92B676802F}.Release|Any CPU.Build.0 = Release|x64
		{AD3CC529-8623-44D2-826A-1A92B676802F}.Release|x64.ActiveCfg = Release|x64
		{AD3CC529-8623-44D2-826A-1A92B676802F}.Release|x64.Build.0 = Release|x64
		{AD3CC529-8623-44D2-826A-1A92B676802F}.Release|x86.ActiveCfg = Release|Win32
		{AD3CC529-8623-44D2-826A-1A92B676802F}.Release|x86.Build.0 = Release|Win32
		{8AED824A-7468-4F38-8C3D-1CE74977158E}.Debug|Any CPU.ActiveCfg = Debug|x64
		{8AED824A-7468-4F38-8C3D-1CE74977158E}.Debug|Any CPU.Build.0 = Debug|x64
		{8AED824A-7468-4F38-8C3D-1CE74977158E}.Debug|x64.ActiveCfg = Debug|x64
		{8AED824A-7468-4F38-8C3D-1CE74977158E}.Debug|x64.Build.0 = Debug|x64
		{8AED824A-7468-4F38-8C3D-1CE74977158E}.Debug|x86.ActiveCfg = Debug|Win32
		{8AED824A-7468-4F38-8C3D-1CE74977158E}.Debug|x86.Build.0 = Debug|Win32
		{8AED824A-7468-4F38-8C3D-1CE74977158E}.Release|Any CPU.ActiveCfg = Release|x64
		{8AED824A-7468-4F38-8C3D-1CE74977158E}.Release|Any CPU.Build.0 = Release|x64
		{8AED824A-7468-4F38-8C3D-1CE74977158E}.Release|x64.ActiveCfg = Release|x64
		{8AED824A-7468-4F38-8C3D-1CE74977158E}.Release|x64.Build.0 = Release|x64
		{8AED824A-7468-4F38-8C3D-1CE74977158E}.Release|x86.ActiveCfg = Release|Win32
		{8AED824A-7468-4F38-8C3D-1CE74977158E}.Release|x86.Build.0 = Release|Win32
		{69D06E92-9024-4F65-958B-3FB19D68E209}.Debug|Any CPU.ActiveCfg = Debug|x64
		{69D06E92-9024-4F65-958B-3FB19D68E209}.Debug|Any CPU.Build.0 = Debug|x64
		{69D06E92-9024-4F65-958B-3FB19D68E209}.Debug|x64.ActiveCfg = Debug|x64
		{69D06E92-9024-4F65-958B-3FB19D68E209}.Debug|x64.Build.0 = Debug|x64
		{69D06E92-9024-4F65-958B-3FB19D68E209}.Debug|x86.ActiveCfg = Debug|Win32
		{69D06E92-9024-4F65-958B-3FB19D68E209}.Debug|x86.Build.0 = Debug|Win32
		{69D06E92-9024-4F65-958B-3FB19D68E209}.Release|Any CPU.ActiveCfg = Release|x64
		{69D06E92-9024-4F65-958B-3FB19D68E209}.Release|Any CPU.Build.0 = Release|x64
		{69D06E92-9024-4F65-958B-3FB19D68E209}.Release|x64.ActiveCfg = Release|x64
		{69D06E92-9024-4F65-958B-3FB19D68E209}.Release|x64.Build.0 = Release|x64
		{69D06E92-9024-4F65-958B-3FB19D68E209}.Release|x86.ActiveCfg = Release|Win32
		{69D06E92-9024-4F65-958B-3FB19D68E209}.Release|x86.Build.0 = Release|Win32
		{8C7FA86B-EFB9-4A06-B6EF-CEF95F8EC168}.Debug|Any CPU.ActiveCfg = Debug|x64
		{8C7FA86B-EFB9-4A06-B6EF-CEF95F8EC168}.Debug|Any CPU.Build.0 = Debug|x64
		{8C7FA86B-EFB9-4A06-B6EF-CEF95F8EC168}.Debug|x64.ActiveCfg = Debug|x64
		{8C7FA86B-EFB9-4A06-B6EF-CEF95F8EC168}.Debug|x64.Build.0 = Debug|x64
		{8C7FA86B-EFB9-4A06-B6EF-CEF95F8EC168}.Debug|x86.ActiveCfg = Debug|Win32
		{8C7FA86B-EFB9-4A06-B6EF-CEF95F8EC168}.Debug|x86.Build.0 = Debug|Win32
		{8C7FA86B-EFB9-4A06-B6EF-CEF95F8EC168}.Release|Any CPU.ActiveCfg = Release|x64
		{8C7FA86B-EFB9-4A06-B6EF-CEF95F8EC168}.Release|Any CPU.Build.0 = Release|x64
		{8C7FA86B-EFB9-4A06-B6EF-CEF95F8EC168}.Release|x64.ActiveCfg = Release|x64
		{8C7FA86B-EFB9-4A06-B6EF-CEF95F8EC168}.Release|x64.Build.0 = Release|x64
		{8C7FA86B-EFB9-4A06-B6EF-CEF95F8EC168}.Release|x86.ActiveCfg = Release|Win32
		{8C7FA86B-EFB9-4A06-B6EF-CEF95F8EC168}.Release|x86.Build.0 = Release|Win32
		{AB03818E-4565-4013-A952-0AB62E0323B0}.Debug|Any CPU.ActiveCfg = Debug|x64
		{AB03818E-4565-4013-A952-0AB62E0323B0}.Debug|Any CPU.Build.0 = Debug|x64
		{AB03818E-4565-4013-A952-0AB62E0323B0}.Debug|x64.ActiveCfg = Debug|x64
		{AB03818E-4565-4013-A952-0AB62E0323B0}.Debug|x64.Build.0 = Debug|x64
		{AB03818E-4565-4013-A952-0AB62E0323B0}.Debug|x86.ActiveCfg = Debug|Win32
		{AB03818E-4565-4013-A952-0AB62E0323B0}.Debug|x86.Build.0 = Debug|Win32
		{AB03818E-4565-4013-A952-0AB62E0323B0}.Release|Any CPU.ActiveCfg = Release|x64
		{AB03818E-4565-4013-A952-0AB62E0323B0}.Release|Any CPU.Build.0 = Release|x64
		{AB03818E-4565-4013-A952-0AB62E0323B0}.Release|x64.ActiveCfg = Release|x64
		{AB03818E-4565-4013-A952-0AB62E0323B0}.Release|x64.Build.0 = Release|x64
		{AB03818E-4565-4013-A952-0AB62E0323B0}.Release|x86.ActiveCfg = Release|Win32
		{AB03818E-4565-4013-A952-0AB62E0323B0}.Release|x86.Build.0 = Release|Win32
		{022075DA-E6B2-4DA7-ABDF-C4170F206BFB}.Debug|Any CPU.ActiveCfg = Debug|x64
		{022075DA-E6B2-4DA7-ABDF-C4170F206BFB}.Debug|Any CPU.Build.0 = Debug|x64
		{022075DA-E6B2-4DA7-ABDF-C4170F206BFB}.Debug|x64.ActiveCfg = Debug|x64
		{022075DA-E6B2-4DA7-ABDF-C4170F206BFB}.Debug|x64.Build.0 = Debug|x64
		{022075DA-E6B2-4DA7-ABDF-C4170F206BFB}.Debug|x86.ActiveCfg = Debug|Win32
		{022075DA-E6B2-4DA7-ABDF-C4170F206BFB}.Debug|x86.Build.0 = Debug|Win32
		{022075DA-E6B2-4DA7-ABDF-C4170F206BFB}.Release|Any CPU.ActiveCfg = Release|x64
		{022075DA-E6B2-4DA7-ABDF-C4170F206BFB}.Release|Any CPU.Build.0 = Release|x64
		{022075DA-E6B2-4DA7-ABDF-C4170F206BFB}.Release|x64.ActiveCfg = Release|x64
		{022075DA-E6B2-4DA7-ABDF-C4170F206BFB}.Release|x64.Build.0 = Release|x64
		{022075DA-E6B2-4DA7-ABDF-C4170F206BFB}.Release|x86.ActiveCfg = Release|Win32
		{022075DA-E6B2-4DA7-ABDF-C4170F206BFB}.Release|x86.Build.0 = Release|Win32
		{132E4C09-1DC2-4072-BB8D-BEAEF78126DA}.Debug|Any CPU.ActiveCfg = Debug|x64
		{132E4C09-1DC2-4072-BB8D-BEAEF78126DA}.Debug|Any CPU.Build.0 = Debug|x64
		{132E4C09-1DC2-4072-BB8D-BEAEF78126DA}.Debug|x64.ActiveCfg = Debug|x64
		{132E4C09-1DC2-4072-BB8D-BEAEF78126DA}.Debug|x64.Build.0 = Debug|x64
		{132E4C09-1DC2-4072-BB8D-BEAEF78126DA}.Debug|x86.ActiveCfg = Debug|Win32
		{132E4C09-1DC2-4072-BB8D-BEAEF78126DA}.Debug|x86.Build.0 = Debug|Win32
		{132E4C09-1DC2-4072-BB8D-BEAEF78126DA}.Release|Any CPU.ActiveCfg = Release|x64
		{132E4C09-1DC2-4072-BB8D-BEAEF78126DA}.Release|Any CPU.Build.0 = Release|x64
		{132E4C09-1DC2-4072-BB8D-BEAEF78126DA}.Release|x64.ActiveCfg = Release|x64
		{132E4C09-1DC2-4072-BB8D-BEAEF78126DA}.Release|x64.Build.0 = Release|x64
		{132E4C09-1DC2-4072-BB8D-BEAEF78126DA}.Release|x86.ActiveCfg = Release|Win32
		{132E4C09-1DC2-4072-BB8D-BEAEF78126DA}.Release|x86.Build.0 = Release|Win32
		{9ECFFB46-7CB2-4B38-BC70-91AD668903E9}.Debug|Any CPU.ActiveCfg = Debug|x64
		{9ECFFB46-7CB2-4B38-BC70-91AD668903E9}.Debug|Any CPU.Build.0 = Debug|x64
		{9ECFFB46-7CB2-4B38-BC70-91AD668903E9}.Debug|x64.ActiveCfg = Debug|x64
		{9ECFFB46-7CB2-4B38-BC70-91AD668903E9}.Debug|x64.Build.0 = Debug|x64
		{9ECFFB46-7CB2-4B38-BC70-91AD668903E9}.Debug|x86.ActiveCfg = Debug|Win32
		{9ECFFB46-7CB2-4B38-BC70-91AD668903E9}.Debug|x86.Build.0 = Debug|Win32
		{9ECFFB46-7CB2-4B38-BC70-91AD668903E9}.Release|Any CPU.ActiveCfg = Release|x64
		{9ECFFB46-7CB2-4B38-BC70-91AD668903E9}.Release|Any CPU.Build.0 = Release|x64
		{9ECFFB46-7CB2-4B38-BC70-91AD668903E9}.Release|x64.ActiveCfg = Release|x64
		{9ECFFB46-7CB2-4B38-BC70-91AD668903E9}.Release|x64.Build.0 = Release|x64
		{9ECFFB46-7CB2-4B38-BC70-91AD668903E9}.Release|x86.ActiveCfg = Release|Win32
		{9ECFFB46-7CB2-4B38-BC70-91AD668903E9}.Release|x86.Build.0 = Release|Win32
		{2EB382A5-B428-4420-84D8-CC6454819A78}.Debug|Any CPU.ActiveCfg = Debug|x64
		{2EB382A5-B428-4420-84D8-CC6454819A78}.Debug|Any CPU.Build.0 = Debug|x64
		{2EB382A5-B428-4420-84D8-CC6454819A78}.Debug|x64.ActiveCfg = Debug|x64
		{2EB382A5-B428-4420-84D8-CC6454819A78}.Debug|x64.Build.0 = Debug|x64
		{2EB382A5-B428-4420-84D8-CC6454819A78}.Debug|x86.ActiveCfg = Debug|Win32
		{2EB382A5-B428-4420-84D8-CC6454819A78}.Debug|x86.Build.0 = Debug|Win32
		{2EB382A5-B428-4420-84D8-CC6454819A78}.Release|Any CPU.ActiveCfg = Release|x64
		{2EB382A5-B428-4420-84D8-CC6454819A78}.Release|Any CPU.Build.0 = Release|x64
		{2EB382A5-B428-4420-84D8-CC6454819A78}.Release|x64.ActiveCfg = Release|x64
		{2EB382A5-B428-4420-84D8-CC6454819A78}.Release|x64.Build.0 = Release|x64
		{2EB382A5-B428-4420-84D8-CC6454819A78}.Release|x86.ActiveCfg = Release|Win32
		{2EB382A5-B428-4420-84D8-CC6454819A78}.Release|x86.Build.0 = Release|Win32
		{B3A90967-854B-4D6A-9821-80F9ABED98F2}.Debug|Any CPU.ActiveCfg = Debug|x64
		{B3A90967-854B-4D6A-9821-80F9ABED98F2}.Debug|Any CPU.Build.0 = Debug|x64
		{B3A90967-854B-4D6A-9821-80F9ABED98F2}.Debug|x64.ActiveCfg = Debug|x64
		{B3A90967-854B-4D6A-9821-80F9ABED98F2}.Debug|x64.Build.0 = Debug|x64
		{B3A90967-854B-4D6A-9821-80F9ABED98F2}.Debug|x86.ActiveCfg = Debug|Win32
		{B3A90967-854B-4D6A-9821-80F9ABED98F2}.Debug|x86.Build.0 = Debug|Win32
		{B3A90967-854B-4D6A-9821-80F9ABED98F2}.Release|Any CPU.ActiveCfg = Release|x64
		{B3A90967-854B-4D6A-9821-80F9ABED98F2}.Release|Any CPU.Build.0 = Release|x64
		{B3A90967-854B-4D6A-9821-80F9ABED98F2}.Release|x64.ActiveCfg = Release|x64
		{B3A90967-854B-4D6A-9821-80F9ABED98F2}.Release|x64.Build.0 = Release|x64
		{B3A90967-854B-4D6A-9821-80F9ABED98F2}.Release|x86.ActiveCfg = Release|Win32
		{B3A90967-854B-4D6A-9821-80F9ABED98F2}.Release|x86.Build.0 = Release|Win32
		{9478FE25-0710-4167-A6AF-3D1698D95879}.Debug|Any CPU.ActiveCfg = Debug|x64
		{9478FE25-0710-4167-A6AF-3D1698D95879}.Debug|Any CPU.Build.0 = Debug|x64
		{9478FE25-0710-4167-A6AF-3D1698D95879}.Debug|x64.ActiveCfg = Debug|x64
		{9478FE25-0710-4167-A6AF-3D1698D95879}.Debug|x64.Build.0 = Debug|x64
		{9478FE25-0710-4167-A6AF-3D1698D95879}.Debug|x86.ActiveCfg = Debug|Win32
		{9478FE25-0710-4167-A6AF-3D1698D95879}.Debug|x86.Build.0 = Debug|Win32
		{9478FE25-0710-4167-A6AF-3D1698D95879}.Release|Any CPU.ActiveCfg = Release|x64
		{9478FE25-0710-4167-A6AF-3D1698D95879}.Release|Any CPU.Build.0 = Release|x64
		{9478FE25-0710-4167-A6AF-3D1698D95879}.Release|x64.ActiveCfg = Release|x64
		{9478FE25-0710-4167-A6AF-3D1698D95879}.Release|x64.Build.0 = Release|x64
		{9478FE25-0710-4167-A6AF-3D1698D95879}.Release|x86.ActiveCfg = Release|Win32
		{9478FE25-0710-4167-A6AF-3D1698D95879}.Release|x86.Build.0 = Release|Win32
		{9BE3DD82-E818-4AC4-8A31-71B006C887AA}.Debug|Any CPU.ActiveCfg = Debug|x64
		{9BE3DD82-E818-4AC4-8A31-71B006C887AA}.Debug|Any CPU.Build.0 = Debug|x64
		{9BE3DD82-E818-4AC4-8A31-71B006C887AA}.Debug|x64.ActiveCfg = Debug|x64
		{9BE3DD82-E818-4AC4-8A31-71B006C887AA}.Debug|x64.Build.0 = Debug|x64
		{9BE3DD82-E818-4AC4-8A31-71B006C887AA}.Debug|x86.ActiveCfg = Debug|Win32
		{9BE3DD82-E818-4AC4-8A31-71B006C887AA}.Debug|x86.Build.0 = Debug|Win32
		{9BE3DD82-E818-4AC4-8A31-71B006C887AA}.Release|Any CPU.ActiveCfg = Release|x64
		{9BE3DD82-E818-4AC4-8A31-71B006C887AA}.Release|Any CPU.Build.0 = Release|x64
		{9BE3DD82-E818-4AC4-8A31-71B006C887AA}.Release|x64.ActiveCfg = Release|x64
		{9BE3DD82-E818-4AC4-8A31-71B006C887AA}.Release|x64.Build.0 = Release|x64
		{9BE3DD82-E818-4AC4-8A31-71B006C887AA}.Release|x86.ActiveCfg = Release|Win32
		{9BE3DD82-E818-4AC4-8A31-71B006C887AA}.Release|x86.Build.0 = Release|Win32
		{4260391B-9F90-4637-BF58-E2304109DA76}.Debug|Any CPU.ActiveCfg = Debug|x64
		{4260391B-9F90-4637-BF58-E2304109DA76}.Debug|Any CPU.Build.0 = Debug|x64
		{4260391B-9F90-4637-BF58-E2304109DA76}.Debug|x64.ActiveCfg = Debug|x64
		{4260391B-9F90-4637-BF58-E2304109DA76}.Debug|x64.Build.0 = Debug|x64
		{4260391B-9F90-4637-BF58-E2304109DA76}.Debug|x86.ActiveCfg = Debug|Win32
		{4260391B-9F90-4637-BF58-E2304109DA76}.Debug|x86.Build.0 = Debug|Win32
		{4260391B-9F90-4637-BF58-E2304109DA76}.Release|Any CPU.ActiveCfg = Release|x64
		{4260391B-9F90-4637-BF58-E2304109DA76}.Release|Any CPU.Build.0 = Release|x64
		{4260391B-9F90-4637-BF58-E2304109DA76}.Release|x64.ActiveCfg = Release|x64
		{4260391B-9F90-4637-BF58-E2304109DA76}.Release|x64.Build.0 = Release|x64
		{4260391B-9F90-4637-BF58-E2304109DA76}.Release|x86.ActiveCfg = Release|Win32
		{4260391B-9F90-4637-BF58-E2304109DA76}.Release|x86.Build.0 = Release|Win32
		{B0683C63-96D4-41D9-94F3-6097C98A3338}.Debug|Any CPU.ActiveCfg = Debug|x64
		{B0683C63-96D4-41D9-94F3-6097C98A3338}.Debug|Any CPU.Build.0 = Debug|x64
		{B0683C63-96D4-41D9-94F3-6097C98A3338}.Debug|x64.ActiveCfg = Debug|x64
		{B0683C63-96D4-41D9-94F3-6097C98A3338}.Debug|x64.Build.0 = Debug|x64
		{B0683C63-96D4-41D9-94F3-6097C98A3338}.Debug|x86.ActiveCfg = Debug|Win32
		{B0683C63-96D4-41D9-94F3-6097C98A3338}.Debug|x86.Build.0 = Debug|Win32
		{B0683C63-96D4-41D9-94F3-6097C98A3338}.Release|Any CPU.ActiveCfg = Release|x64
		{B0683C63-96D4-41D9-94F3-6097C98A3338}.Release|Any CPU.Build.0 = Release|x64
		{B0683C63-96D4-41D9-94F3-6097C98A3338}.Release|x64.ActiveCfg = Release|x64
		{B0683C63-96D4-41D9-94F3-6097C98A3338}.Release|x64.Build.0 = Release|x64
		{B0683C63-96D4-41D9-94F3-6097C98A3338}.Release|x86.ActiveCfg = Release|Win32
		{B0683C63-96D4-41D9-94F3-6097C98A3338}.Release|x86.Build.0 = Release|Win32
		{949EFD46-7CF0-4C64-A93F-858E065609A3}.Debug|Any CPU.ActiveCfg = Debug|x64
		{949EFD46-7CF0-4C64-A93F-858E065609A3}.Debug|Any CPU.Build.0 = Debug|x64
		{949EFD46-7CF0-4C64-A93F-858E065609A3}.Debug|x64.ActiveCfg = Debug|x64
		{949EFD46-7CF0-4C64-A93F-858E065609A3}.Debug|x64.Build.0 = Debug|x64
		{949EFD46-7CF0-4C64-A93F-858E065609A3}.Debug|x86.ActiveCfg = Debug|Win32
		{949EFD46-7CF0-4C64-A93F-858E065609A3}.Debug|x86.Build.0 = Debug|Win32
		{949EFD46-7CF0-4C64-A93F-858E065609A3}.Release|Any CPU.ActiveCfg = Release|x64
		{949EFD46-7CF0-4C64-A93F-858E065609A3}.Release|Any CPU.Build.0 = Release|x64
		{949EFD46-7CF0-4C64-A93F-858E065609A3}.Release|x64.ActiveCfg = Release|x64
		{949EFD46-7CF0-4C64-A93F-858E065609A3}.Release|x64.Build.0 = Release|x64
		{949EFD46-7CF0-4C64-A93F-858E065609A3}.Release|x86.ActiveCfg = Release|Win32
		{949EFD46-7CF0-4C64-A93F-858E065609A3}.Release|x86.Build.0 = Release|Win32
		{F9F4A1E4-ABB6-4AEF-932F-C721979BA198}.Debug|Any CPU.ActiveCfg = Debug|x64
		{F9F4A1E4-ABB6-4AEF-932F-C721979BA198}.Debug|Any CPU.Build.0 = Debug|x64
		{F9F4A1E4-ABB6-4AEF-932F-C721979BA198}.Debug|x64.ActiveCfg = Debug|x64
		{F9F4A1E4-ABB6-4AEF-932F-C721979BA198}.Debug|x64.Build.0 = Debug|x64
		{F9F4A1E4-ABB6-4AEF-932F-C721979BA198}.Debug|x86.ActiveCfg = Debug|Win32
		{F9F4A1E4-ABB6-4AEF-932F-C721979BA198}.Debug|x86.Build.0 = Debug|Win32
		{F9F4A1E4-ABB6-4AEF-932F-C721979BA198}.Release|Any CPU.ActiveCfg = Release|x64
		{F9F4A1E4-ABB6-4AEF-932F-C721979BA198}.Release|Any CPU.Build.0 = Release|x64
		{F9F4A1E4-ABB6-4AEF-932F-C721979BA198}.Release|x64.ActiveCfg = Release|x64
		{F9F4A1E4-ABB6-4AEF-932F-C721979BA198}.Release|x64.Build.0 = Release|x64
		{F9F4A1E4-ABB6-4AEF-932F-C721979BA198}.Release|x86.ActiveCfg = Release|Win32
		{F9F4A1E4-ABB6-4AEF-932F-C721979BA198}.Release|x86.Build.0 = Release|Win32
		{7B164184-B1BE-4CA4-A233-8469320B31A3}.Debug|Any CPU.ActiveCfg = Debug|x64
		{7B164184-B1BE-4CA4-A233-8469320B31A3}.Debug|Any CPU.Build.0 = Debug|x64
		{7B164184-B1BE-4CA4-A233-8469320B31A3}.Debug|x64.ActiveCfg = Debug|x64
		{7B164184-B1BE-4CA4-A233-8469320B31A3}.Debug|x64.Build.0 = Debug|x64
		{7B164184-B1BE-4CA4-A233-8469320B31A3}.Debug|x86.ActiveCfg = Debug|Win32
		{7B164184-B1BE-4CA4-A233-8469320B31A3}.Debug|x86.Build.0 = Debug|Win32
		{7B164184-B1BE-4CA4-A233-8469320B31A3}.Release|Any CPU.ActiveCfg = Release|x64
		{7B164184-B1BE-4CA4-A233-8469320B31A3}.Release|Any CPU.Build.0 = Release|x64
		{7B164184-B1BE-4CA4-A233-8469320B31A3}.Release|x64.ActiveCfg = Release|x64
		{7B164184-B1BE-4CA4-A233-8469320B31A3}.Release|x64.Build.0 = Release|x64
		{7B164184-B1BE-4CA4-A233-8469320B31A3}.Release|x86.ActiveCfg = Release|Win32
		{7B164184-B1BE-4CA4-A233-8469320B31A3}.Release|x86.Build.0 = Release|Win32
		{8A97937C-DA3A-4EBC-87CF-31FC6B367D0F}.Debug|Any CPU.ActiveCfg = Debug|x64
		{8A97937C-DA3A-4EBC-87CF-31FC6B367D0F}.Debug|Any CPU.Build.0 = Debug|x64
		{8A97937C-DA3A-4EBC-87CF-31FC6B367D0F}.Debug|x64.ActiveCfg = Debug|x64
		{8A97937C-DA3A-4EBC-87CF-31FC6B367D0F}.Debug|x64.Build.0 = Debug|x64
		{8A97937C-DA3A-4EBC-87CF-31FC6B367D0F}.Debug|x86.ActiveCfg = Debug|Win32
		{8A97937C-DA3A-4EBC-87CF-31FC6B367D0F}.Debug|x86.Build.0 = Debug|Win32
		{8A97937C-DA3A-4EBC-87CF-31FC6B367D0F}.Release|Any CPU.ActiveCfg = Release|x64
		{8A97937C-DA3A-4EBC-87CF-31FC6B367D0F}.Release|Any CPU.Build.0 = Release|x64
		{8A97937C-DA3A-4EBC-87CF-31FC6B367D0F}.Release|x64.ActiveCfg = Release|x64
		{8A97937C-DA3A-4EBC-87CF-31FC6B367D0F}.Release|x64.Build.0 = Release|x64
		{8A97937C-DA3A-4EBC-87CF-31FC6B367D0F}.Release|x86.ActiveCfg = Release|Win32
		{8A97937C-DA3A-4EBC-87CF-31FC6B367D0F}.Release|x86.Build.0 = Release|Win32
		{5280ABC0-C2BA-4C30-BAE1-9A00DE124790}.Debug|Any CPU.ActiveCfg = Debug|x64
		{5280ABC0-C2BA-4C30-BAE1-9A00DE124790}.Debug|Any CPU.Build.0 = Debug|x64
		{5280ABC0-C2BA-4C30-BAE1-9A00DE124790}.Debug|x64.ActiveCfg = Debug|x64
		{5280ABC0-C2BA-4C30-BAE1-9A00DE124790}.Debug|x64.Build.0 = Debug|x64
		{5280ABC0-C2BA-4C30-BAE1-9A00DE124790}.Debug|x86.ActiveCfg = Debug|Win32
		{5280ABC0-C2BA-4C30-BAE1-9A00DE124790}.Debug|x86.Build.0 = Debug|Win32
		{5280ABC0-C2BA-4C30-BAE1-9A00DE124790}.Release|Any CPU.ActiveCfg = Release|x64
		{5280ABC0-C2BA-4C30-BAE1-9A00DE124790}.Release|Any CPU.Build.0 = Release|x64
		{5280ABC0-C2BA-4C30-BAE1-9A00DE124790}.Release|x64.ActiveCfg = Release|x64
		{5280ABC0-C2BA-4C30-BAE1-9A00DE124790}.Release|x64.Build.0 = Release|x64
		{5280ABC0-C2BA-4C30-BAE1-9A00DE124790}.Release|x86.ActiveCfg = Release|Win32
		{5280ABC0-C2BA-4C30-BAE1-9A00DE124790}.Release|x86.Build.0 = Release|Win32
		{79DB0250-FAF7-45EB-819E-49FF77BBC6FC}.Debug|Any CPU.ActiveCfg = Debug|x64
		{79DB0250-FAF7-45EB-819E-49FF77BBC6FC}.Debug|Any CPU.Build.0 = Debug|x64
		{79DB0250-FAF7-45EB-819E-49FF77BBC6FC}.Debug|x64.ActiveCfg = Debug|x64
		{79DB0250-FAF7-45EB-819E-49FF77BBC6FC}.Debug|x64.Build.0 = Debug|x64
		{79DB0250-FAF7-45EB-819E-49FF77BBC6FC}.Debug|x86.ActiveCfg = Debug|Win32
		{79DB0250-FAF7-45EB-819E-49FF77BBC6FC}.Debug|x86.Build.0 = Debug|Win32
		{79DB0250-FAF7-45EB-819E-49FF77BBC6FC}.Release|Any CPU.ActiveCfg = Release|x64
		{79DB0250-FAF7-45EB-819E-49FF77BBC6FC}.Release|Any CPU.Build.0 = Release|x64
		{79DB0250-FAF7-45EB-819E-49FF77BBC6FC}.Release|x64.ActiveCfg = Release|x64
		{79DB0250-FAF7-45EB-819E-49FF77BBC6FC}.Release|x64.Build.0 = Release|x64
		{79DB0250-FAF7-45EB-819E-49FF77BBC6FC}.Release|x86.ActiveCfg = Release|Win32
		{79DB0250-FAF7-45EB-819E-49FF77BBC6FC}.Release|x86.Build.0 = Release|Win32
		{4426C5AA-E725-42E5-9FE9-80D3FFAA07B8}.Debug|Any CPU.ActiveCfg = Debug|x64
		{4426C5AA-E725-42E5-9FE9-80D3FFAA07B8}.Debug|Any CPU.Build.0 = Debug|x64
		{4426C5AA-E725-42E5-9FE9-80D3FFAA07B8}.Debug|x64.ActiveCfg = Debug|x64
		{4426C5AA-E725-42E5-9FE9-80D3FFAA07B8}.Debug|x64.Build.0 = Debug|x64
		{4426C5AA-E725-42E5-9FE9-80D3FFAA07B8}.Debug|x86.ActiveCfg = Debug|Win32
		{4426C5AA-E725-42E5-9FE9-80D3FFAA07B8}.Debug|x86.Build.0 = Debug|Win32
		{4426C5AA-E725-42E5-9FE9-80D3FFAA07B8}.Release|Any CPU.ActiveCfg = Release|x64
		{4426C5AA-E725-42E5-9FE9-80D3FFAA07B8}.Release|Any CPU.Build.0 = Release|x64
		{4426C5AA-E725-42E5-9FE9-80D3FFAA07B8}.Release|x64.ActiveCfg = Release|x64
		{4426C5AA-E725-42E5-9FE9-80D3FFAA07B8}.Release|x64.Build.0 = Release|x64
		{4426C5AA-E725-42E5-9FE9-80D3FFAA07B8}.Release|x86.ActiveCfg = Release|Win32
		{4426C5AA-E725-42E5-9FE9-80D3FFAA07B8}.Release|x86.Build.0 = Release|Win32
		{E37E4940-EB70-4847-8681-79CFB0B4BFC2}.Debug|Any CPU.ActiveCfg = Debug|x64
		{E37E4940-EB70-4847-8681-79CFB0B4BFC2}.Debug|Any CPU.Build.0 = Debug|x64
		{E37E4940-EB70-4847-8681-79CFB0B4BFC2}.Debug|x64.ActiveCfg = Debug|x64
		{E37E4940-EB70-4847-8681-79CFB0B4BFC2}.Debug|x64.Build.0 = Debug|x64
		{E37E4940-EB70-4847-8681-79CFB0B4BFC2}.Debug|x86.ActiveCfg = Debug|Win32
		{E37E4940-EB70-4847-8681-79CFB0B4BFC2}.Debug|x86.Build.0 = Debug|Win32
		{E37E4940-EB70-4847-8681-79CFB0B4BFC2}.Release|Any CPU.ActiveCfg = Release|x64
		{E37E4940-EB70-4847-8681-79CFB0B4BFC2}.Release|Any CPU.Build.0 = Release|x64
		{E37E4940-EB70-4847-8681-79CFB0B4BFC2}.Release|x64.ActiveCfg = Release|x64
		{E37E4940-EB70-4847-8681-79CFB0B4BFC2}.Release|x64.Build.0 = Release|x64
		{E37E4940-EB70-4847-8681-79CFB0B4BFC2}.Release|x86.ActiveCfg = Release|Win32
		{E37E4940-EB70-4847-8681-79CFB0B4BFC2}.Release|x86.Build.0 = Release|Win32
		{BBA408BC-7BE0-4570-BC35-6098B193D578}.Debug|Any CPU.ActiveCfg = Debug|x64
		{BBA408BC-7BE0-4570-BC35-6098B193D578}.Debug|Any CPU.Build.0 = Debug|x64
		{BBA408BC-7BE0-4570-BC35-6098B193D578}.Debug|x64.ActiveCfg = Debug|x64
		{BBA408BC-7BE0-4570-BC35-6098B193D578}.Debug|x64.Build.0 = Debug|x64
		{BBA408BC-7BE0-4570-BC35-6098B193D578}.Debug|x86.ActiveCfg = Debug|Win32
		{BBA408BC-7BE0-4570-BC35-6098B193D578}.Debug|x86.Build.0 = Debug|Win32
		{BBA408BC-7BE0-4570-BC35-6098B193D578}.Release|Any CPU.ActiveCfg = Release|x64
		{BBA408BC-7BE0-4570-BC35-6098B193D578}.Release|Any CPU.Build.0 = Release|x64
		{BBA408BC-7BE0-4570-BC35-6098B193D578}.Release|x64.ActiveCfg = Release|x64
		{BBA408BC-7BE0-4570-BC35-6098B193D578}.Release|x64.Build.0 = Release|x64
		{BBA408BC-7BE0-4570-BC35-6098B193D578}.Release|x86.ActiveCfg = Release|Win32
		{BBA408BC-7BE0-4570-BC35-6098B193D578}.Release|x86.Build.0 = Release|Win32
		{7C202F0A-EC72-4273-B42F-0CF3A9062395}.Debug|Any CPU.ActiveCfg = Debug|x64
		{7C202F0A-EC72-4273-B42F-0CF3A9062395}.Debug|Any CPU.Build.0 = Debug|x64
		{7C202F0A-EC72-4273-B42F-0CF3A9062395}.Debug|x64.ActiveCfg = Debug|x64
		{7C202F0A-EC72-4273-B42F-0CF3A9062395}.Debug|x64.Build.0 = Debug|x64
		{7C202F0A-EC72-4273-B42F-0CF3A9062395}.Debug|x86.ActiveCfg = Debug|Win32
		{7C202F0A-EC72-4273-B42F-0CF3A9062395}.Debug|x86.Build.0 = Debug|Win32
		{7C202F0A-EC72-4273-B42F-0CF3A9062395}.Release|Any CPU.ActiveCfg = Release|x64
		{7C202F0A-EC72-4273-B42F-0CF3A9062395}.Release|Any CPU.Build.0 = Release|x64
		{7C202F0A-EC72-4273-B42F-0CF3A9062395}.Release|x64.ActiveCfg = Release|x64
		{7C202F0A-EC72-4273-B42F-0CF3A9062395}.Release|x64.Build.0 = Release|x64
		{7C202F0A-EC72-4273-B42F-0CF3A9062395}.Release|x86.ActiveCfg = Release|Win32
		{7C202F0A-EC72-4273-B42F-0CF3A9062395}.Release|x86.Build.0 = Release|Win32
		{4F1D3A4A-733A-439C-AF96-2AB1BCB00A4A}.Debug|Any CPU.ActiveCfg = Debug|x64
		{4F1D3A4A-733A-439C-AF96-2AB1BCB00A4A}.Debug|Any CPU.Build.0 = Debug|x64
		{4F1D3A4A-733A-439C-AF96-2AB1BCB00A4A}.Debug|x64.ActiveCfg = Debug|x64
		{4F1D3A4A-733A-439C-AF96-2AB1BCB00A4A}.Debug|x64.Build.0 = Debug|x64
		{4F1D3A4A-733A-439C-AF96-2AB1BCB00A4A}.Debug|x86.ActiveCfg = Debug|Win32
		{4F1D3A4A-733A-439C-AF96-2AB1BCB00A4A}.Debug|x86.Build.0 = Debug|Win32
		{4F1D3A4A-733A-439C-AF96-2AB1BCB00A4A}.Release|Any CPU.ActiveCfg = Release|x64
		{4F1D3A4A-733A-439C-AF96-2AB1BCB00A4A}.Release|Any CPU.Build.0 = Release|x64
		{4F1D3A4A-733A-439C-AF96-2AB1BCB00A4A}.Release|x64.ActiveCfg = Release|x64
		{4F1D3A4A-733A-439C-AF96-2AB1BCB00A4A}.Release|x64.Build.0 = Release|x64
		{4F1D3A4A-733A-439C-AF96-2AB1BCB00A4A}.Release|x86.ActiveCfg = Release|Win32
		{4F1D3A4A-733A-439C-AF96-2AB1BCB00A4A}.Release|x86.Build.0 = Release|Win32
		{5D07DFA8-E18E-4F39-AA41-F4315201EFC8}.Debug|Any CPU.ActiveCfg = Debug|x64
		{5D07DFA8-E18E-4F39-AA41-F4315201EFC8}.Debug|Any CPU.Build.0 = Debug|x64
		{5D07DFA8-E18E-4F39-AA41-F4315201EFC8}.Debug|x64.ActiveCfg = Debug|x64
		{5D07DFA8-E18E-4F39-AA41-F4315201EFC8}.Debug|x64.Build.0 = Debug|x64
		{5D07DFA8-E18E-4F39-AA41-F4315201EFC8}.Debug|x86.ActiveCfg = Debug|Win32
		{5D07DFA8-E18E-4F39-AA41-F4315201EFC8}.Debug|x86.Build.0 = Debug|Win32
		{5D07DFA8-E18E-4F39-AA41-F4315201EFC8}.Release|Any CPU.ActiveCfg = Release|x64
		{5D07DFA8-E18E-4F39-AA41-F4315201EFC8}.Release|Any CPU.Build.0 = Release|x64
		{5D07DFA8-E18E-4F39-AA41-F4315201EFC8}.Release|x64.ActiveCfg = Release|x64
		{5D07DFA8-E18E-4F39-AA41-F4315201EFC8}.Release|x64.Build.0 = Release|x64
		{5D07DFA8-E18E-4F39-AA41-F4315201EFC8}.Release|x86.ActiveCfg = Release|Win32
		{5D07DFA8-E18E-4F39-AA41-F4315201EFC8}.Release|x86.Build.0 = Release|Win32
		{92C6AF3A-BA70-4337-8C2C-9836EC8A80B3}.Debug|Any CPU.ActiveCfg = Debug|x64
		{92C6AF3A-BA70-4337-8C2C-9836EC8A80B3}.Debug|Any CPU.Build.0 = Debug|x64
		{92C6AF3A-BA70-4337-8C2C-9836EC8A80B3}.Debug|x64.ActiveCfg = Debug|x64
		{92C6AF3A-BA70-4337-8C2C-9836EC8A80B3}.Debug|x64.Build.0 = Debug|x64
		{92C6AF3A-BA70-4337-8C2C-9836EC8A80B3}.Debug|x86.ActiveCfg = Debug|Win32
		{92C6AF3A-BA70-4337-8C2C-9836EC8A80B3}.Debug|x86.Build.0 = Debug|Win32
		{92C6AF3A-BA70-4337-8C2C-9836EC8A80B3}.Release|Any CPU.ActiveCfg = Release|x64
		{92C6AF3A-BA70-4337-8C2C-9836EC8A80B3}.Release|Any CPU.Build.0 = Release|x64
		{92C6AF3A-BA70-4337-8C2C-9836EC8A80B3}.Release|x64.ActiveCfg = Release|x64
		{92C6AF3A-BA70-4337-8C2C-9836EC8A80B3}.Release|x64.Build.0 = Release|x64
		{92C6AF3A-BA70-4337-8C2C-9836EC8A80B3}.Release|x86.ActiveCfg = Release|Win32
		{92C6AF3A-BA70-4337-8C2C-9836EC8A80B3}.Release|x86.Build.0 = Release|Win32
		{E86B91D5-7A9A-4B4A-8701-1227D49EEE4C}.Debug|Any CPU.ActiveCfg = Debug|x64
		{E86B91D5-7A9A-4B4A-8701-1227D49EEE4C}.Debug|Any CPU.Build.0 = Debug|x64
		{E86B91D5-7A9A-4B4A-8701-1227D49EEE4C}.Debug|x64.ActiveCfg = Debug|x64
		{E86B91D5-7A9A-4B4A-8701-1227D49EEE4C}.Debug|x64.Build.0 = Debug|x64
		{E86B91D5-7A9A-4B4A-8701-1227D49EEE4C}.Debug|x86.ActiveCfg = Debug|Win32
		{E86B91D5-7A9A-4B4A-8701-1227D49EEE4C}.Debug|x86.Build.0 = Debug|Win32
		{E86B91D5-7A9A-4B4A-8701-1227D49EEE4C}.Release|Any CPU.ActiveCfg = Release|x64
		{E86B91D5-7A9A-4B4A-8701-1227D49EEE4C}.Release|Any CPU.Build.0 = Release|x64
		{E86B91D5-7A9A-4B4A-8701-1227D49EEE4C}.Release|x64.ActiveCfg = Release|x64
		{E86B91D5-7A9A-4B4A-8701-1227D49EEE4C}.Release|x64.Build.0 = Release|x64
		{E86B91D5-7A9A-4B4A-8701-1227D49EEE4C}.Release|x86.ActiveCfg = Release|Win32
		{E86B91D5-7A9A-4B4A-8701-1227D49EEE4C}.Release|x86.Build.0 = Release|Win32
		{BBEE2146-5C16-47A7-BE8F-0F3E2FA77091}.Debug|Any CPU.ActiveCfg = Debug|x64
		{BBEE2146-5C16-47A7-BE8F-0F3E2FA77091}.Debug|Any CPU.Build.0 = Debug|x64
		{BBEE2146-5C16-47A7-BE8F-0F3E2FA77091}.Debug|x64.ActiveCfg = Debug|x64
		{BBEE2146-5C16-47A7-BE8F-0F3E2FA77091}.Debug|x64.Build.0 = Debug|x64
		{BBEE2146-5C16-47A7-BE8F-0F3E2FA77091}.Debug|x86.ActiveCfg = Debug|Win32
		{BBEE2146-5C16-47A7-BE8F-0F3E2FA77091}.Debug|x86.Build.0 = Debug|Win32
		{BBEE2146-5C16-47A7-BE8F-0F3E2FA77091}.Release|Any CPU.ActiveCfg = Release|x64
		{BBEE2146-5C16-47A7-BE8F-0F3E2FA77091}.Release|Any CPU.Build.0 = Release|x64
		{BBEE2146-5C16-47A7-BE8F-0F3E2FA77091}.Release|x64.ActiveCfg = Release|x64
		{BBEE2146-5C16-47A7-BE8F-0F3E2FA77091}.Release|x64.Build.0 = Release|x64
		{BBEE2146-5C16-47A7-BE8F-0F3E2FA77091}.Release|x86.ActiveCfg = Release|Win32
		{BBEE2146-5C16-47A7-BE8F-0F3E2FA77091}.Release|x86.Build.0 = Release|Win32
		{7128A56E-5C03-42F7-B60E-CAECF3622E85}.Debug|Any CPU.ActiveCfg = Debug|x64
		{7128A56E-5C03-42F7-B60E-CAECF3622E85}.Debug|Any CPU.Build.0 = Debug|x64
		{7128A56E-5C03-42F7-B60E-CAECF3622E85}.Debug|x64.ActiveCfg = Debug|x64
		{7128A56E-5C03-42F7-B60E-CAECF3622E85}.Debug|x64.Build.0 = Debug|x64
		{7128A56E-5C03-42F7-B60E-CAECF3622E85}.Debug|x86.ActiveCfg = Debug|Win32
		{7128A56E-5C03-42F7-B60E-CAECF3622E85}.Debug|x86.Build.0 = Debug|Win32
		{7128A56E-5C03-42F7-B60E-CAECF3622E85}.Release|Any CPU.ActiveCfg = Release|x64
		{7128A56E-5C03-42F7-B60E-CAECF3622E85}.Release|Any CPU.Build.0 = Release|x64
		{7128A56E-5C03-42F7-B60E-CAECF3622E85}.Release|x64.ActiveCfg = Release|x64
		{7128A56E-5C03-42F7-B60E-CAECF3622E85}.Release|x64.Build.0 = Release|x64
		{7128A56E-5C03-42F7-B60E-CAECF3622E85}.Release|x86.ActiveCfg = Release|Win32
		{7128A56E-5C03-42F7-B60E-CAECF3622E85}.Release|x86.Build.0 = Release|Win32
		{33E4DD23-0C67-428B-A8D0-F7D2417BDFCF}.Debug|Any CPU.ActiveCfg = Debug|x64
		{33E4DD23-0C67-428B-A8D0-F7D2417BDFCF}.Debug|Any CPU.Build.0 = Debug|x64
		{33E4DD23-0C67-428B-A8D0-F7D2417BDFCF}.Debug|x64.ActiveCfg = Debug|x64
		{33E4DD23-0C67-428B-A8D0-F7D2417BDFCF}.Debug|x64.Build.0 = Debug|x64
		{33E4DD23-0C67-428B-A8D0-F7D2417BDFCF}.Debug|x86.ActiveCfg = Debug|Win32
		{33E4DD23-0C67-428B-A8D0-F7D2417BDFCF}.Debug|x86.Build.0 = Debug|Win32
		{33E4DD23-0C67-428B-A8D0-F7D2417BDFCF}.Release|Any CPU.ActiveCfg = Release|x64
		{33E4DD23-0C67-428B-A8D0-F7D2417BDFCF}.Release|Any CPU.Build.0 = Release|x64
		{33E4DD23-0C67-428B-A8D0-F7D2417BDFCF}.Release|x64.ActiveCfg = Release|x64
		{33E4DD23-0C67-428B-A8D0-F7D2417BDFCF}.Release|x64.Build.0 = Release|x64
		{33E4DD23-0C67-428B-A8D0-F7D2417BDFCF}.Release|x86.ActiveCfg = Release|Win32
		{33E4DD23-0C67-428B-A8D0-F7D2417BDFCF}.Release|x86.Build.0 = Release|Win32
		{38E126AA-1AFE-447D-B34A-05ABF773D79F}.Debug|Any CPU.ActiveCfg = Debug|x64
		{38E126AA-1AFE-447D-B34A-05ABF773D79F}.Debug|Any CPU.Build.0 = Debug|x64
		{38E126AA-1AFE-447D-B34A-05ABF773D79F}.Debug|x64.ActiveCfg = Debug|x64
		{38E126AA-1AFE-447D-B34A-05ABF773D79F}.Debug|x64.Build.0 = Debug|x64
		{38E126AA-1AFE-447D-B34A-05ABF773D79F}.Debug|x86.ActiveCfg = Debug|Win32
		{38E126AA-1AFE-447D-B34A-05ABF773D79F}.Debug|x86.Build.0 = Debug|Win32
		{38E126AA-1AFE-447D-B34A-05ABF773D79F}.Release|Any CPU.ActiveCfg = Release|x64
		{38E126AA-1AFE-447D-B34A-05ABF773D79F}.Release|Any CPU.Build.0 = Release|x64
		{38E126AA-1AFE-447D-B34A-05ABF773D79F}.Release|x64.ActiveCfg = Release|x64
		{38E126AA-1AFE-447D-B34A-05ABF773D79F}.Release|x64.Build.0 = Release|x64
		{38E126AA-1AFE-447D-B34A-05ABF773D79F}.Release|x86.ActiveCfg = Release|Win32
		{38E126AA-1AFE-447D-B34A-05ABF773D79F}.Release|x86.Build.0 = Release|Win32
		{505FFE2A-BE54-4022-8113-120F25A50250}.Debug|Any CPU.ActiveCfg = Debug|x64
		{505FFE2A-BE54-4022-8113-120F25A50250}.Debug|Any CPU.Build.0 = Debug|x64
		{505FFE2A-BE54-4022-8113-120F25A50250}.Debug|x64.ActiveCfg = Debug|x64
		{505FFE2A-BE54-4022-8113-120F25A50250}.Debug|x64.Build.0 = Debug|x64
		{505FFE2A-BE54-4022-8113-120F25A50250}.Debug|x86.ActiveCfg = Debug|Win32
		{505FFE2A-BE54-4022-8113-120F25A50250}.Debug|x86.Build.0 = Debug|Win32
		{505FFE2A-BE54-4022-8113-120F25A50250}.Release|Any CPU.ActiveCfg = Release|x64
		{505FFE2A-BE54-4022-8113-120F25A50250}.Release|Any CPU.Build.0 = Release|x64
		{505FFE2A-BE54-4022-8113-120F25A50250}.Release|x64.ActiveCfg = Release|x64
		{505FFE2A-BE54-4022-8113-120F25A50250}.Release|x64.Build.0 = Release|x64
		{505FFE2A-BE54-4022-8113-120F25A50250}.Release|x86.ActiveCfg = Release|Win32
		{505FFE2A-BE54-4022-8113-120F25A50250}.Release|x86.Build.0 = Release|Win32
		{892C8A8D-1BA1-41E8-A88C-34531402A910}.Debug|Any CPU.ActiveCfg = Debug|x64
		{892C8A8D-1BA1-41E8-A88C-34531402A910}.Debug|Any CPU.Build.0 = Debug|x64
		{892C8A8D-1BA1-41E8-A88C-34531402A910}.Debug|x64.ActiveCfg = Debug|x64
		{892C8A8D-1BA1-41E8-A88C-34531402A910}.Debug|x64.Build.0 = Debug|x64
		{892C8A8D-1BA1-41E8-A88C-34531402A910}.Debug|x86.ActiveCfg = Debug|Win32
		{892C8A8D-1BA1-41E8-A88C-34531402A910}.Debug|x86.Build.0 = Debug|Win32
		{892C8A8D-1BA1-41E8-A88C-34531402A910}.Release|Any CPU.ActiveCfg = Release|x64
		{892C8A8D-1BA1-41E8-A88C-34531402A910}.Release|Any CPU.Build.0 = Release|x64
		{892C8A8D-1BA1-41E8-A88C-34531402A910}.Release|x64.ActiveCfg = Release|x64
		{892C8A8D-1BA1-41E8-A88C-34531402A910}.Release|x64.Build.0 = Release|x64
		{892C8A8D-1BA1-41E8-A88C-34531402A910}.Release|x86.ActiveCfg = Release|Win32
		{892C8A8D-1BA1-41E8-A88C-34531402A910}.Release|x86.Build.0 = Release|Win32
		{928CB260-4453-404C-AE1F-35FC1613E02F}.Debug|Any CPU.ActiveCfg = Debug|x64
		{928CB260-4453-404C-AE1F-35FC1613E02F}.Debug|Any CPU.Build.0 = Debug|x64
		{928CB260-4453-404C-AE1F-35FC1613E02F}.Debug|x64.ActiveCfg = Debug|x64
		{928CB260-4453-404C-AE1F-35FC1613E02F}.Debug|x64.Build.0 = Debug|x64
		{928CB260-4453-404C-AE1F-35FC1613E02F}.Debug|x86.ActiveCfg = Debug|Win32
		{928CB260-4453-404C-AE1F-35FC1613E02F}.Debug|x86.Build.0 = Debug|Win32
		{928CB260-4453-404C-AE1F-35FC1613E02F}.Release|Any CPU.ActiveCfg = Release|x64
		{928CB260-4453-404C-AE1F-35FC1613E02F}.Release|Any CPU.Build.0 = Release|x64
		{928CB260-4453-404C-AE1F-35FC1613E02F}.Release|x64.ActiveCfg = Release|x64
		{928CB260-4453-404C-AE1F-35FC1613E02F}.Release|x64.Build.0 = Release|x64
		{928CB260-4453-404C-AE1F-35FC1613E02F}.Release|x86.ActiveCfg = Release|Win32
		{928CB260-4453-404C-AE1F-35FC1613E02F}.Release|x86.Build.0 = Release|Win32
		{22D1F64D-DF21-40A5-9FD0-645BEDB26DA3}.Debug|Any CPU.ActiveCfg = Debug|x64
		{22D1F64D-DF21-40A5-9FD0-645BEDB26DA3}.Debug|Any CPU.Build.0 = Debug|x64
		{22D1F64D-DF21-40A5-9FD0-645BEDB26DA3}.Debug|x64.ActiveCfg = Debug|x64
		{22D1F64D-DF21-40A5-9FD0-645BEDB26DA3}.Debug|x64.Build.0 = Debug|x64
		{22D1F64D-DF21-40A5-9FD0-645BEDB26DA3}.Debug|x86.ActiveCfg = Debug|Win32
		{22D1F64D-DF21-40A5-9FD0-645BEDB26DA3}.Debug|x86.Build.0 = Debug|Win32
		{22D1F64D-DF21-40A5-9FD0-645BEDB26DA3}.Release|Any CPU.ActiveCfg = Release|x64
		{22D1F64D-DF21-40A5-9FD0-645BEDB26DA3}.Release|Any CPU.Build.0 = Release|x64
		{22D1F64D-DF21-40A5-9FD0-645BEDB26DA3}.Release|x64.ActiveCfg = Release|x64
		{22D1F64D-DF21-40A5-9FD0-645BEDB26DA3}.Release|x64.Build.0 = Release|x64
		{22D1F64D-DF21-40A5-9FD0-645BEDB26DA3}.Release|x86.ActiveCfg = Release|Win32
		{22D1F64D-DF21-40A5-9FD0-645BEDB26DA3}.Release|x86.Build.0 = Release|Win32
		{419BB5EC-C23F-4F45-8E26-E3E4FA85B753}.Debug|Any CPU.ActiveCfg = Debug|x64
		{419BB5EC-C23F-4F45-8E26-E3E4FA85B753}.Debug|Any CPU.Build.0 = Debug|x64
		{419BB5EC-C23F-4F45-8E26-E3E4FA85B753}.Debug|x64.ActiveCfg = Debug|x64
		{419BB5EC-C23F-4F45-8E26-E3E4FA85B753}.Debug|x64.Build.0 = Debug|x64
		{419BB5EC-C23F-4F45-8E26-E3E4FA85B753}.Debug|x86.ActiveCfg = Debug|Win32
		{419BB5EC-C23F-4F45-8E26-E3E4FA85B753}.Debug|x86.Build.0 = Debug|Win32
		{419BB5EC-C23F-4F45-8E26-E3E4FA85B753}.Release|Any CPU.ActiveCfg = Release|x64
		{419BB5EC-C23F-4F45-8E26-E3E4FA85B753}.Release|Any CPU.Build.0 = Release|x64
		{419BB5EC-C23F-4F45-8E26-E3E4FA85B753}.Release|x64.ActiveCfg = Release|x64
		{419BB5EC-C23F-4F45-8E26-E3E4FA85B753}.Release|x64.Build.0 = Release|x64
		{419BB5EC-C23F-4F45-8E26-E3E4FA85B753}.Release|x86.ActiveCfg = Release|Win32
		{419BB5EC-C23F-4F45-8E26-E3E4FA85B753}.Release|x86.Build.0 = Release|Win32
		{3D781CBA-0A20-4BC9-8527-817920D35B02}.Debug|Any CPU.ActiveCfg = Debug|x64
		{3D781CBA-0A20-4BC9-8527-817920D35B02}.Debug|Any CPU.Build.0 = Debug|x64
		{3D781CBA-0A20-4BC9-8527-817920D35B02}.Debug|x64.ActiveCfg = Debug|x64
		{3D781CBA-0A20-4BC9-8527-817920D35B02}.Debug|x64.Build.0 = Debug|x64
		{3D781CBA-0A20-4BC9-8527-817920D35B02}.Debug|x86.ActiveCfg = Debug|Win32
		{3D781CBA-0A20-4BC9-8527-817920D35B02}.Debug|x86.Build.0 = Debug|Win32
		{3D781CBA-0A20-4BC9-8527-817920D35B02}.Release|Any CPU.ActiveCfg = Release|x64
		{3D781CBA-0A20-4BC9-8527-817920D35B02}.Release|Any CPU.Build.0 = Release|x64
		{3D781CBA-0A20-4BC9-8527-817920D35B02}.Release|x64.ActiveCfg = Release|x64
		{3D781CBA-0A20-4BC9-8527-817920D35B02}.Release|x64.Build.0 = Release|x64
		{3D781CBA-0A20-4BC9-8527-817920D35B02}.Release|x86.ActiveCfg = Release|Win32
		{3D781CBA-0A20-4BC9-8527-817920D35B02}.Release|x86.Build.0 = Release|Win32
		{8942CF5E-B543-45FE-A1F9-9575A36337EA}.Debug|Any CPU.ActiveCfg = Debug|x64
		{8942CF5E-B543-45FE-A1F9-9575A36337EA}.Debug|Any CPU.Build.0 = Debug|x64
		{8942CF5E-B543-45FE-A1F9-9575A36337EA}.Debug|x64.ActiveCfg = Debug|x64
		{8942CF5E-B543-45FE-A1F9-9575A36337EA}.Debug|x64.Build.0 = Debug|x64
		{8942CF5E-B543-45FE-A1F9-9575A36337EA}.Debug|x86.ActiveCfg = Debug|Win32
		{8942CF5E-B543-45FE-A1F9-9575A36337EA}.Debug|x86.Build.0 = Debug|Win32
		{8942CF5E-B543-45FE-A1F9-9575A36337EA}.Release|Any CPU.ActiveCfg = Release|x64
		{8942CF5E-B543-45FE-A1F9-9575A36337EA}.Release|Any CPU.Build.0 = Release|x64
		{8942CF5E-B543-45FE-A1F9-9575A36337EA}.Release|x64.ActiveCfg = Release|x64
		{8942CF5E-B543-45FE-A1F9-9575A36337EA}.Release|x64.Build.0 = Release|x64
		{8942CF5E-B543-45FE-A1F9-9575A36337EA}.Release|x86.ActiveCfg = Release|Win32
		{8942CF5E-B543-45FE-A1F9-9575A36337EA}.Release|x86.Build.0 = Release|Win32
		{76DBD673-2E15-4D10-8C63-FE5880368994}.Debug|Any CPU.ActiveCfg = Debug|x64
		{76DBD673-2E15-4D10-8C63-FE5880368994}.Debug|Any CPU.Build.0 = Debug|x64
		{76DBD673-2E15-4D10-8C63-FE5880368994}.Debug|x64.ActiveCfg = Debug|x64
		{76DBD673-2E15-4D10-8C63-FE5880368994}.Debug|x64.Build.0 = Debug|x64
		{76DBD673-2E15-4D10-8C63-FE5880368994}.Debug|x86.ActiveCfg = Debug|Win32
		{76DBD673-2E15-4D10-8C63-FE5880368994}.Debug|x86.Build.0 = Debug|Win32
		{76DBD673-2E15-4D10-8C63-FE5880368994}.Release|Any CPU.ActiveCfg = Release|x64
		{76DBD673-2E15-4D10-8C63-FE5880368994}.Release|Any CPU.Build.0 = Release|x64
		{76DBD673-2E15-4D10-8C63-FE5880368994}.Release|x64.ActiveCfg = Release|x64
		{76DBD673-2E15-4D10-8C63-FE5880368994}.Release|x64.Build.0 = Release|x64
		{76DBD673-2E15-4D10-8C63-FE5880368994}.Release|x86.ActiveCfg = Release|Win32
		{76DBD673-2E15-4D10-8C63-FE5880368994}.Release|x86.Build.0 = Release|Win32
		{67AE3A38-3A07-4691-8335-AF5326779880}.Debug|Any CPU.ActiveCfg = Debug|x64
		{67AE3A38-3A07-4691-8335-AF5326779880}.Debug|Any CPU.Build.0 = Debug|x64
		{67AE3A38-3A07-4691-8335-AF5326779880}.Debug|x64.ActiveCfg = Debug|x64
		{67AE3A38-3A07-4691-8335-AF5326779880}.Debug|x64.Build.0 = Debug|x64
		{67AE3A38-3A07-4691-8335-AF5326779880}.Debug|x86.ActiveCfg = Debug|Win32
		{67AE3A38-3A07-4691-8335-AF5326779880}.Debug|x86.Build.0 = Debug|Win32
		{67AE3A38-3A07-4691-8335-AF5326779880}.Release|Any CPU.ActiveCfg = Release|x64
		{67AE3A38-3A07-4691-8335-AF5326779880}.Release|Any CPU.Build.0 = Release|x64
		{67AE3A38-3A07-4691-8335-AF5326779880}.Release|x64.ActiveCfg = Release|x64
		{67AE3A38-3A07-4691-8335-AF5326779880}.Release|x64.Build.0 = Release|x64
		{67AE3A38-3A07-4691-8335-AF5326779880}.Release|x86.ActiveCfg = Release|Win32
		{67AE3A38-3A07-4691-8335-AF5326779880}.Release|x86.Build.0 = Release|Win32
		{72588850-244E-4A34-92CC-69B0D0095C0F}.Debug|Any CPU.ActiveCfg = Debug|x64
		{72588850-244E-4A34-92CC-69B0D0095C0F}.Debug|Any CPU.Build.0 = Debug|x64
		{72588850-244E-4A34-92CC-69B0D0095C0F}.Debug|x64.ActiveCfg = Debug|x64
		{72588850-244E-4A34-92CC-69B0D0095C0F}.Debug|x64.Build.0 = Debug|x64
		{72588850-244E-4A34-92CC-69B0D0095C0F}.Debug|x86.ActiveCfg = Debug|Win32
		{72588850-244E-4A34-92CC-69B0D0095C0F}.Debug|x86.Build.0 = Debug|Win32
		{72588850-244E-4A34-92CC-69B0D0095C0F}.Release|Any CPU.ActiveCfg = Release|x64
		{72588850-244E-4A34-92CC-69B0D0095C0F}.Release|Any CPU.Build.0 = Release|x64
		{72588850-244E-4A34-92CC-69B0D0095C0F}.Release|x64.ActiveCfg = Release|x64
		{72588850-244E-4A34-92CC-69B0D0095C0F}.Release|x64.Build.0 = Release|x64
		{72588850-244E-4A34-92CC-69B0D0095C0F}.Release|x86.ActiveCfg = Release|Win32
		{72588850-244E-4A34-92CC-69B0D0095C0F}.Release|x86.Build.0 = Release|Win32
	EndGlobalSection
	GlobalSection(SolutionProperties) = preSolution
		HideSolutionNode = FALSE
	EndGlobalSection
	GlobalSection(NestedProjects) = preSolution
		{2B994D31-E621-48E7-8657-0F58E1A0B6E9} = {74340556-E477-4E00-AF73-75D802ACCE47}
		{421AEB44-3158-4325-AC96-74F8FF5B1DFD} = {C39CFE92-EA3A-44F6-B865-CA2A2FD5A49B}
		{AD3CC529-8623-44D2-826A-1A92B676802F} = {C39CFE92-EA3A-44F6-B865-CA2A2FD5A49B}
		{C39CFE92-EA3A-44F6-B865-CA2A2FD5A49B} = {74340556-E477-4E00-AF73-75D802ACCE47}
		{8AED824A-7468-4F38-8C3D-1CE74977158E} = {C39CFE92-EA3A-44F6-B865-CA2A2FD5A49B}
		{69D06E92-9024-4F65-958B-3FB19D68E209} = {C39CFE92-EA3A-44F6-B865-CA2A2FD5A49B}
		{8C7FA86B-EFB9-4A06-B6EF-CEF95F8EC168} = {C39CFE92-EA3A-44F6-B865-CA2A2FD5A49B}
		{AB03818E-4565-4013-A952-0AB62E0323B0} = {C39CFE92-EA3A-44F6-B865-CA2A2FD5A49B}
		{022075DA-E6B2-4DA7-ABDF-C4170F206BFB} = {C39CFE92-EA3A-44F6-B865-CA2A2FD5A49B}
		{132E4C09-1DC2-4072-BB8D-BEAEF78126DA} = {C39CFE92-EA3A-44F6-B865-CA2A2FD5A49B}
		{9ECFFB46-7CB2-4B38-BC70-91AD668903E9} = {C39CFE92-EA3A-44F6-B865-CA2A2FD5A49B}
		{2EB382A5-B428-4420-84D8-CC6454819A78} = {C39CFE92-EA3A-44F6-B865-CA2A2FD5A49B}
		{B3A90967-854B-4D6A-9821-80F9ABED98F2} = {C39CFE92-EA3A-44F6-B865-CA2A2FD5A49B}
		{9478FE25-0710-4167-A6AF-3D1698D95879} = {C39CFE92-EA3A-44F6-B865-CA2A2FD5A49B}
		{9BE3DD82-E818-4AC4-8A31-71B006C887AA} = {C39CFE92-EA3A-44F6-B865-CA2A2FD5A49B}
		{4260391B-9F90-4637-BF58-E2304109DA76} = {C39CFE92-EA3A-44F6-B865-CA2A2FD5A49B}
		{B0683C63-96D4-41D9-94F3-6097C98A3338} = {C39CFE92-EA3A-44F6-B865-CA2A2FD5A49B}
		{949EFD46-7CF0-4C64-A93F-858E065609A3} = {C39CFE92-EA3A-44F6-B865-CA2A2FD5A49B}
		{F9F4A1E4-ABB6-4AEF-932F-C721979BA198} = {C39CFE92-EA3A-44F6-B865-CA2A2FD5A49B}
		{7B164184-B1BE-4CA4-A233-8469320B31A3} = {C39CFE92-EA3A-44F6-B865-CA2A2FD5A49B}
		{8A97937C-DA3A-4EBC-87CF-31FC6B367D0F} = {C39CFE92-EA3A-44F6-B865-CA2A2FD5A49B}
		{5280ABC0-C2BA-4C30-BAE1-9A00DE124790} = {C39CFE92-EA3A-44F6-B865-CA2A2FD5A49B}
		{79DB0250-FAF7-45EB-819E-49FF77BBC6FC} = {C39CFE92-EA3A-44F6-B865-CA2A2FD5A49B}
		{E9C65D73-B9D3-40E9-9357-314E27A83E9B} = {74340556-E477-4E00-AF73-75D802ACCE47}
		{4426C5AA-E725-42E5-9FE9-80D3FFAA07B8} = {E9C65D73-B9D3-40E9-9357-314E27A83E9B}
		{E37E4940-EB70-4847-8681-79CFB0B4BFC2} = {C39CFE92-EA3A-44F6-B865-CA2A2FD5A49B}
		{BBA408BC-7BE0-4570-BC35-6098B193D578} = {C39CFE92-EA3A-44F6-B865-CA2A2FD5A49B}
		{42344CB2-8A92-4F07-8922-C60E84F389C8} = {74340556-E477-4E00-AF73-75D802ACCE47}
		{7C202F0A-EC72-4273-B42F-0CF3A9062395} = {42344CB2-8A92-4F07-8922-C60E84F389C8}
		{4F1D3A4A-733A-439C-AF96-2AB1BCB00A4A} = {42344CB2-8A92-4F07-8922-C60E84F389C8}
		{5D07DFA8-E18E-4F39-AA41-F4315201EFC8} = {42344CB2-8A92-4F07-8922-C60E84F389C8}
		{92C6AF3A-BA70-4337-8C2C-9836EC8A80B3} = {42344CB2-8A92-4F07-8922-C60E84F389C8}
		{E86B91D5-7A9A-4B4A-8701-1227D49EEE4C} = {74340556-E477-4E00-AF73-75D802ACCE47}
		{BBEE2146-5C16-47A7-BE8F-0F3E2FA77091} = {C39CFE92-EA3A-44F6-B865-CA2A2FD5A49B}
		{7128A56E-5C03-42F7-B60E-CAECF3622E85} = {C39CFE92-EA3A-44F6-B865-CA2A2FD5A49B}
		{33E4DD23-0C67-428B-A8D0-F7D2417BDFCF} = {C39CFE92-EA3A-44F6-B865-CA2A2FD5A49B}
		{38E126AA-1AFE-447D-B34A-05ABF773D79F} = {C39CFE92-EA3A-44F6-B865-CA2A2FD5A49B}
		{DB3E17C8-F28A-4F43-9C31-D2E5D0D25AFB} = {74340556-E477-4E00-AF73-75D802ACCE47}
		{505FFE2A-BE54-4022-8113-120F25A50250} = {DB3E17C8-F28A-4F43-9C31-D2E5D0D25AFB}
		{892C8A8D-1BA1-41E8-A88C-34531402A910} = {DB3E17C8-F28A-4F43-9C31-D2E5D0D25AFB}
		{928CB260-4453-404C-AE1F-35FC1613E02F} = {DB3E17C8-F28A-4F43-9C31-D2E5D0D25AFB}
		{22D1F64D-DF21-40A5-9FD0-645BEDB26DA3} = {DB3E17C8-F28A-4F43-9C31-D2E5D0D25AFB}
		{419BB5EC-C23F-4F45-8E26-E3E4FA85B753} = {DB3E17C8-F28A-4F43-9C31-D2E5D0D25AFB}
		{3D781CBA-0A20-4BC9-8527-817920D35B02} = {DB3E17C8-F28A-4F43-9C31-D2E5D0D25AFB}
		{8942CF5E-B543-45FE-A1F9-9575A36337EA} = {DB3E17C8-F28A-4F43-9C31-D2E5D0D25AFB}
		{76DBD673-2E15-4D10-8C63-FE5880368994} = {DB3E17C8-F28A-4F43-9C31-D2E5D0D25AFB}
		{67AE3A38-3A07-4691-8335-AF5326779880} = {DB3E17C8-F28A-4F43-9C31-D2E5D0D25AFB}
		{72588850-244E-4A34-92CC-69B0D0095C0F} = {DB3E17C8-F28A-4F43-9C31-D2E5D0D25AFB}
	EndGlobalSection
	GlobalSection(ExtensibilityGlobals) = postSolution
		SolutionGuid = {149CFE73-E366-4BDF-BD68-7E1B0A70CB21}
	EndGlobalSection
EndGlobal
